
Microsoft Visual Studio Solution File, Format Version 12.00
# Visual Studio Version 17
VisualStudioVersion = 17.11.35312.102
MinimumVisualStudioVersion = 10.0.40219.1
Project("{FAE04EC0-301F-11D3-BF4B-00C04F79EFBC}") = "products-ccdigital.Api", "products-ccdigital.Api\products-ccdigital.Api.csproj", "{F486EE6A-FD18-4C78-B131-D9928A147E67}"
EndProject
Project("{FAE04EC0-301F-11D3-BF4B-00C04F79EFBC}") = "products-ccdigital.Application", "products-ccdigital.Application\products-ccdigital.Application.csproj", "{CA40655E-54D7-4280-A1A9-C9F3D779318B}"
EndProject
Project("{FAE04EC0-301F-11D3-BF4B-00C04F79EFBC}") = "products-ccdigital.Domain", "products-ccdigital.Domain\products-ccdigital.Domain.csproj", "{1C70602E-3595-41B4-BDD6-4D9841473F4B}"
EndProject
Project("{FAE04EC0-301F-11D3-BF4B-00C04F79EFBC}") = "products-ccdigital.Infrastructure", "products-ccdigital.Infrastructure\products-ccdigital.Infrastructure.csproj", "{AEAFCB67-DE13-46D0-A87D-14B3866587F3}"
EndProject
Global
	GlobalSection(SolutionConfigurationPlatforms) = preSolution
		Debug|Any CPU = Debug|Any CPU
		Release|Any CPU = Release|Any CPU
	EndGlobalSection
	GlobalSection(ProjectConfigurationPlatforms) = postSolution
		{F486EE6A-FD18-4C78-B131-D9928A147E67}.Debug|Any CPU.ActiveCfg = Debug|Any CPU
		{F486EE6A-FD18-4C78-B131-D9928A147E67}.Debug|Any CPU.Build.0 = Debug|Any CPU
		{F486EE6A-FD18-4C78-B131-D9928A147E67}.Release|Any CPU.ActiveCfg = Release|Any CPU
		{F486EE6A-FD18-4C78-B131-D9928A147E67}.Release|Any CPU.Build.0 = Release|Any CPU
		{CA40655E-54D7-4280-A1A9-C9F3D779318B}.Debug|Any CPU.ActiveCfg = Debug|Any CPU
		{CA40655E-54D7-4280-A1A9-C9F3D779318B}.Debug|Any CPU.Build.0 = Debug|Any CPU
		{CA40655E-54D7-4280-A1A9-C9F3D779318B}.Release|Any CPU.ActiveCfg = Release|Any CPU
		{CA40655E-54D7-4280-A1A9-C9F3D779318B}.Release|Any CPU.Build.0 = Release|Any CPU
		{1C70602E-3595-41B4-BDD6-4D9841473F4B}.Debug|Any CPU.ActiveCfg = Debug|Any CPU
		{1C70602E-3595-41B4-BDD6-4D9841473F4B}.Debug|Any CPU.Build.0 = Debug|Any CPU
		{1C70602E-3595-41B4-BDD6-4D9841473F4B}.Release|Any CPU.ActiveCfg = Release|Any CPU
		{1C70602E-3595-41B4-BDD6-4D9841473F4B}.Release|Any CPU.Build.0 = Release|Any CPU
		{AEAFCB67-DE13-46D0-A87D-14B3866587F3}.Debug|Any CPU.ActiveCfg = Debug|Any CPU
		{AEAFCB67-DE13-46D0-A87D-14B3866587F3}.Debug|Any CPU.Build.0 = Debug|Any CPU
		{AEAFCB67-DE13-46D0-A87D-14B3866587F3}.Release|Any CPU.ActiveCfg = Release|Any CPU
		{AEAFCB67-DE13-46D0-A87D-14B3866587F3}.Release|Any CPU.Build.0 = Release|Any CPU
	EndGlobalSection
	GlobalSection(SolutionProperties) = preSolution
		HideSolutionNode = FALSE
	EndGlobalSection
	GlobalSection(ExtensibilityGlobals) = postSolution
		SolutionGuid = {303E2CE6-3E1C-425D-896A-0D56E794F7ED}
	EndGlobalSection
EndGlobal
